
Microsoft Visual Studio Solution File, Format Version 12.00
# Visual Studio 15
VisualStudioVersion = 15.0.28307.168
MinimumVisualStudioVersion = 10.0.40219.1
Project("{FAE04EC0-301F-11D3-BF4B-00C04F79EFBC}") = "Bugsweeper", "Bugsweeper\Bugsweeper.csproj", "{3F7BE02B-E584-484B-8CE8-2EAA4D106700}"
EndProject
Global
	GlobalSection(SolutionConfigurationPlatforms) = preSolution
		Debug|Any CPU = Debug|Any CPU
		Release|Any CPU = Release|Any CPU
	EndGlobalSection
	GlobalSection(ProjectConfigurationPlatforms) = postSolution
		{3F7BE02B-E584-484B-8CE8-2EAA4D106700}.Debug|Any CPU.ActiveCfg = Debug|Any CPU
		{3F7BE02B-E584-484B-8CE8-2EAA4D106700}.Debug|Any CPU.Build.0 = Debug|Any CPU
		{3F7BE02B-E584-484B-8CE8-2EAA4D106700}.Release|Any CPU.ActiveCfg = Release|Any CPU
		{3F7BE02B-E584-484B-8CE8-2EAA4D106700}.Release|Any CPU.Build.0 = Release|Any CPU
	EndGlobalSection
	GlobalSection(SolutionProperties) = preSolution
		HideSolutionNode = FALSE
	EndGlobalSection
	GlobalSection(ExtensibilityGlobals) = postSolution
		SolutionGuid = {2C991EC9-19B6-4F3F-A2A5-FE51ABA92109}
	EndGlobalSection
EndGlobal
